
Microsoft Visual Studio Solution File, Format Version 12.00
# Visual Studio Version 17
VisualStudioVersion = 17.11.35312.102
MinimumVisualStudioVersion = 10.0.40219.1
Project("{2150E333-8FDC-42A3-9474-1A3956D46DE8}") = "src", "src", "{23942419-3307-4C47-8EDB-1661CA671D41}"
EndProject
Project("{2150E333-8FDC-42A3-9474-1A3956D46DE8}") = "services", "services", "{441689F4-C820-4F48-A451-4550C7678B79}"
EndProject
Project("{2150E333-8FDC-42A3-9474-1A3956D46DE8}") = "catalog", "catalog", "{AC1A56CA-8DFC-4BB3-B012-07ACAEB4F1B0}"
EndProject
Project("{FAE04EC0-301F-11D3-BF4B-00C04F79EFBC}") = "MicroserviceProj.Catalog.Api", "MicroserviceProj.Catalog.Api\MicroserviceProj.Catalog.Api.csproj", "{2A8778CB-AE8A-4F42-8667-9A1042CE5C1D}"
EndProject
Project("{E53339B2-1760-4266-BCC7-CA923CBCF16C}") = "docker-compose", "docker-compose.dcproj", "{4CA61AA6-C88F-4112-891B-F270894B2247}"
EndProject
Project("{2150E333-8FDC-42A3-9474-1A3956D46DE8}") = "shared", "shared", "{5D9185E1-ABC2-468A-A7FB-39C4A0324F7C}"
EndProject
Project("{FAE04EC0-301F-11D3-BF4B-00C04F79EFBC}") = "MicroserviceProj.Shared", "MicroserviceProj.Shared\MicroserviceProj.Shared.csproj", "{74035113-EA2A-4CE9-B1B5-FAAD5F43897B}"
EndProject
Global
	GlobalSection(SolutionConfigurationPlatforms) = preSolution
		Debug|Any CPU = Debug|Any CPU
		Release|Any CPU = Release|Any CPU
	EndGlobalSection
	GlobalSection(ProjectConfigurationPlatforms) = postSolution
		{2A8778CB-AE8A-4F42-8667-9A1042CE5C1D}.Debug|Any CPU.ActiveCfg = Debug|Any CPU
		{2A8778CB-AE8A-4F42-8667-9A1042CE5C1D}.Debug|Any CPU.Build.0 = Debug|Any CPU
		{2A8778CB-AE8A-4F42-8667-9A1042CE5C1D}.Release|Any CPU.ActiveCfg = Release|Any CPU
		{2A8778CB-AE8A-4F42-8667-9A1042CE5C1D}.Release|Any CPU.Build.0 = Release|Any CPU
		{4CA61AA6-C88F-4112-891B-F270894B2247}.Debug|Any CPU.ActiveCfg = Debug|Any CPU
		{4CA61AA6-C88F-4112-891B-F270894B2247}.Debug|Any CPU.Build.0 = Debug|Any CPU
		{4CA61AA6-C88F-4112-891B-F270894B2247}.Release|Any CPU.ActiveCfg = Release|Any CPU
		{4CA61AA6-C88F-4112-891B-F270894B2247}.Release|Any CPU.Build.0 = Release|Any CPU
		{74035113-EA2A-4CE9-B1B5-FAAD5F43897B}.Debug|Any CPU.ActiveCfg = Debug|Any CPU
		{74035113-EA2A-4CE9-B1B5-FAAD5F43897B}.Debug|Any CPU.Build.0 = Debug|Any CPU
		{74035113-EA2A-4CE9-B1B5-FAAD5F43897B}.Release|Any CPU.ActiveCfg = Release|Any CPU
		{74035113-EA2A-4CE9-B1B5-FAAD5F43897B}.Release|Any CPU.Build.0 = Release|Any CPU
	EndGlobalSection
	GlobalSection(SolutionProperties) = preSolution
		HideSolutionNode = FALSE
	EndGlobalSection
	GlobalSection(NestedProjects) = preSolution
		{441689F4-C820-4F48-A451-4550C7678B79} = {23942419-3307-4C47-8EDB-1661CA671D41}
		{AC1A56CA-8DFC-4BB3-B012-07ACAEB4F1B0} = {441689F4-C820-4F48-A451-4550C7678B79}
		{2A8778CB-AE8A-4F42-8667-9A1042CE5C1D} = {AC1A56CA-8DFC-4BB3-B012-07ACAEB4F1B0}
		{5D9185E1-ABC2-468A-A7FB-39C4A0324F7C} = {23942419-3307-4C47-8EDB-1661CA671D41}
		{74035113-EA2A-4CE9-B1B5-FAAD5F43897B} = {5D9185E1-ABC2-468A-A7FB-39C4A0324F7C}
	EndGlobalSection
	GlobalSection(ExtensibilityGlobals) = postSolution
		SolutionGuid = {C38F5C56-32B3-4250-A420-FEC786692F9B}
	EndGlobalSection
EndGlobal
